// !$*UTF8*$!
{
	archiveVersion = 1;
	classes = {
	};
	objectVersion = 56;
	objects = {

/* Begin PBXBuildFile section */
		634517FD298AAB7600A8E22B /* SegmentControl_Class.swift in Sources */ = {isa = PBXBuildFile; fileRef = 634517FC298AAB7600A8E22B /* SegmentControl_Class.swift */; };
		63805AF829817A6900DD584E /* AppDelegate.swift in Sources */ = {isa = PBXBuildFile; fileRef = 63805AF729817A6900DD584E /* AppDelegate.swift */; };
		63805AFA29817A6900DD584E /* SceneDelegate.swift in Sources */ = {isa = PBXBuildFile; fileRef = 63805AF929817A6900DD584E /* SceneDelegate.swift */; };
		63805AFC29817A6900DD584E /* ViewController.swift in Sources */ = {isa = PBXBuildFile; fileRef = 63805AFB29817A6900DD584E /* ViewController.swift */; };
		63805AFF29817A6900DD584E /* Main.storyboard in Resources */ = {isa = PBXBuildFile; fileRef = 63805AFD29817A6900DD584E /* Main.storyboard */; };
		63805B0129817A6B00DD584E /* Assets.xcassets in Resources */ = {isa = PBXBuildFile; fileRef = 63805B0029817A6B00DD584E /* Assets.xcassets */; };
		63805B0429817A6B00DD584E /* LaunchScreen.storyboard in Resources */ = {isa = PBXBuildFile; fileRef = 63805B0229817A6B00DD584E /* LaunchScreen.storyboard */; };
		63805B0C29819B4300DD584E /* humano.swift in Sources */ = {isa = PBXBuildFile; fileRef = 63805B0B29819B4300DD584E /* humano.swift */; };
		63F60908298AF588000952D3 /* IMCController.swift in Sources */ = {isa = PBXBuildFile; fileRef = 63F60907298AF588000952D3 /* IMCController.swift */; };
/* End PBXBuildFile section */

/* Begin PBXFileReference section */
		634517FC298AAB7600A8E22B /* SegmentControl_Class.swift */ = {isa = PBXFileReference; lastKnownFileType = sourcecode.swift; path = SegmentControl_Class.swift; sourceTree = "<group>"; };
		63805AF429817A6900DD584E /* CorporeIMC.app */ = {isa = PBXFileReference; explicitFileType = wrapper.application; includeInIndex = 0; path = CorporeIMC.app; sourceTree = BUILT_PRODUCTS_DIR; };
		63805AF729817A6900DD584E /* AppDelegate.swift */ = {isa = PBXFileReference; lastKnownFileType = sourcecode.swift; path = AppDelegate.swift; sourceTree = "<group>"; };
		63805AF929817A6900DD584E /* SceneDelegate.swift */ = {isa = PBXFileReference; lastKnownFileType = sourcecode.swift; path = SceneDelegate.swift; sourceTree = "<group>"; };
		63805AFB29817A6900DD584E /* ViewController.swift */ = {isa = PBXFileReference; lastKnownFileType = sourcecode.swift; path = ViewController.swift; sourceTree = "<group>"; };
		63805AFE29817A6900DD584E /* Base */ = {isa = PBXFileReference; lastKnownFileType = file.storyboard; name = Base; path = Base.lproj/Main.storyboard; sourceTree = "<group>"; };
		63805B0029817A6B00DD584E /* Assets.xcassets */ = {isa = PBXFileReference; lastKnownFileType = folder.assetcatalog; path = Assets.xcassets; sourceTree = "<group>"; };
		63805B0329817A6B00DD584E /* Base */ = {isa = PBXFileReference; lastKnownFileType = file.storyboard; name = Base; path = Base.lproj/LaunchScreen.storyboard; sourceTree = "<group>"; };
		63805B0529817A6B00DD584E /* Info.plist */ = {isa = PBXFileReference; lastKnownFileType = text.plist.xml; path = Info.plist; sourceTree = "<group>"; };
		63805B0B29819B4300DD584E /* humano.swift */ = {isa = PBXFileReference; lastKnownFileType = sourcecode.swift; path = humano.swift; sourceTree = "<group>"; };
		63F60907298AF588000952D3 /* IMCController.swift */ = {isa = PBXFileReference; lastKnownFileType = sourcecode.swift; path = IMCController.swift; sourceTree = "<group>"; };
/* End PBXFileReference section */

/* Begin PBXFrameworksBuildPhase section */
		63805AF129817A6900DD584E /* Frameworks */ = {
			isa = PBXFrameworksBuildPhase;
			buildActionMask = 2147483647;
			files = (
			);
			runOnlyForDeploymentPostprocessing = 0;
		};
/* End PBXFrameworksBuildPhase section */

/* Begin PBXGroup section */
		63805AEB29817A6900DD584E = {
			isa = PBXGroup;
			children = (
				634517FC298AAB7600A8E22B /* SegmentControl_Class.swift */,
				63805AF629817A6900DD584E /* CorporeIMC */,
				63805AF529817A6900DD584E /* Products */,
			);
			sourceTree = "<group>";
		};
		63805AF529817A6900DD584E /* Products */ = {
			isa = PBXGroup;
			children = (
				63805AF429817A6900DD584E /* CorporeIMC.app */,
			);
			name = Products;
			sourceTree = "<group>";
		};
		63805AF629817A6900DD584E /* CorporeIMC */ = {
			isa = PBXGroup;
			children = (
				63F60907298AF588000952D3 /* IMCController.swift */,
				63805AF729817A6900DD584E /* AppDelegate.swift */,
				63805AF929817A6900DD584E /* SceneDelegate.swift */,
				63805AFB29817A6900DD584E /* ViewController.swift */,
				63805B0B29819B4300DD584E /* humano.swift */,
				63805AFD29817A6900DD584E /* Main.storyboard */,
				63805B0029817A6B00DD584E /* Assets.xcassets */,
				63805B0229817A6B00DD584E /* LaunchScreen.storyboard */,
				63805B0529817A6B00DD584E /* Info.plist */,
			);
			path = CorporeIMC;
			sourceTree = "<group>";
		};
/* End PBXGroup section */

/* Begin PBXNativeTarget section */
		63805AF329817A6900DD584E /* CorporeIMC */ = {
			isa = PBXNativeTarget;
			buildConfigurationList = 63805B0829817A6B00DD584E /* Build configuration list for PBXNativeTarget "CorporeIMC" */;
			buildPhases = (
				63805AF029817A6900DD584E /* Sources */,
				63805AF129817A6900DD584E /* Frameworks */,
				63805AF229817A6900DD584E /* Resources */,
			);
			buildRules = (
			);
			dependencies = (
			);
			name = CorporeIMC;
			productName = CorporeIMC;
			productReference = 63805AF429817A6900DD584E /* CorporeIMC.app */;
			productType = "com.apple.product-type.application";
		};
/* End PBXNativeTarget section */

/* Begin PBXProject section */
		63805AEC29817A6900DD584E /* Project object */ = {
			isa = PBXProject;
			attributes = {
				BuildIndependentTargetsInParallel = 1;
				LastSwiftUpdateCheck = 1420;
				LastUpgradeCheck = 1420;
				TargetAttributes = {
					63805AF329817A6900DD584E = {
						CreatedOnToolsVersion = 14.2;
					};
				};
			};
			buildConfigurationList = 63805AEF29817A6900DD584E /* Build configuration list for PBXProject "CorporeIMC" */;
			compatibilityVersion = "Xcode 14.0";
			developmentRegion = en;
			hasScannedForEncodings = 0;
			knownRegions = (
				en,
				Base,
			);
			mainGroup = 63805AEB29817A6900DD584E;
			productRefGroup = 63805AF529817A6900DD584E /* Products */;
			projectDirPath = "";
			projectRoot = "";
			targets = (
				63805AF329817A6900DD584E /* CorporeIMC */,
			);
		};
/* End PBXProject section */

/* Begin PBXResourcesBuildPhase section */
		63805AF229817A6900DD584E /* Resources */ = {
			isa = PBXResourcesBuildPhase;
			buildActionMask = 2147483647;
			files = (
				63805B0429817A6B00DD584E /* LaunchScreen.storyboard in Resources */,
				63805B0129817A6B00DD584E /* Assets.xcassets in Resources */,
				63805AFF29817A6900DD584E /* Main.storyboard in Resources */,
			);
			runOnlyForDeploymentPostprocessing = 0;
		};
/* End PBXResourcesBuildPhase section */

/* Begin PBXSourcesBuildPhase section */
		63805AF029817A6900DD584E /* Sources */ = {
			isa = PBXSourcesBuildPhase;
			buildActionMask = 2147483647;
			files = (
				63805AFC29817A6900DD584E /* ViewController.swift in Sources */,
				63805AF829817A6900DD584E /* AppDelegate.swift in Sources */,
				63805AFA29817A6900DD584E /* SceneDelegate.swift in Sources */,
				63F60908298AF588000952D3 /* IMCController.swift in Sources */,
				63805B0C29819B4300DD584E /* humano.swift in Sources */,
				634517FD298AAB7600A8E22B /* SegmentControl_Class.swift in Sources */,
			);
			runOnlyForDeploymentPostprocessing = 0;
		};
/* End PBXSourcesBuildPhase section */

/* Begin PBXVariantGroup section */
		63805AFD29817A6900DD584E /* Main.storyboard */ = {
			isa = PBXVariantGroup;
			children = (
				63805AFE29817A6900DD584E /* Base */,
			);
			name = Main.storyboard;
			sourceTree = "<group>";
		};
		63805B0229817A6B00DD584E /* LaunchScreen.storyboard */ = {
			isa = PBXVariantGroup;
			children = (
				63805B0329817A6B00DD584E /* Base */,
			);
			name = LaunchScreen.storyboard;
			sourceTree = "<group>";
		};
/* End PBXVariantGroup section */

/* Begin XCBuildConfiguration section */
		63805B0629817A6B00DD584E /* Debug */ = {
			isa = XCBuildConfiguration;
			buildSettings = {
				ALWAYS_SEARCH_USER_PATHS = NO;
				CLANG_ANALYZER_NONNULL = YES;
				CLANG_ANALYZER_NUMBER_OBJECT_CONVERSION = YES_AGGRESSIVE;
				CLANG_CXX_LANGUAGE_STANDARD = "gnu++20";
				CLANG_ENABLE_MODULES = YES;
				CLANG_ENABLE_OBJC_ARC = YES;
				CLANG_ENABLE_OBJC_WEAK = YES;
				CLANG_WARN_BLOCK_CAPTURE_AUTORELEASING = YES;
				CLANG_WARN_BOOL_CONVERSION = YES;
				CLANG_WARN_COMMA = YES;
				CLANG_WARN_CONSTANT_CONVERSION = YES;
				CLANG_WARN_DEPRECATED_OBJC_IMPLEMENTATIONS = YES;
				CLANG_WARN_DIRECT_OBJC_ISA_USAGE = YES_ERROR;
				CLANG_WARN_DOCUMENTATION_COMMENTS = YES;
				CLANG_WARN_EMPTY_BODY = YES;
				CLANG_WARN_ENUM_CONVERSION = YES;
				CLANG_WARN_INFINITE_RECURSION = YES;
				CLANG_WARN_INT_CONVERSION = YES;
				CLANG_WARN_NON_LITERAL_NULL_CONVERSION = YES;
				CLANG_WARN_OBJC_IMPLICIT_RETAIN_SELF = YES;
				CLANG_WARN_OBJC_LITERAL_CONVERSION = YES;
				CLANG_WARN_OBJC_ROOT_CLASS = YES_ERROR;
				CLANG_WARN_QUOTED_INCLUDE_IN_FRAMEWORK_HEADER = YES;
				CLANG_WARN_RANGE_LOOP_ANALYSIS = YES;
				CLANG_WARN_STRICT_PROTOTYPES = YES;
				CLANG_WARN_SUSPICIOUS_MOVE = YES;
				CLANG_WARN_UNGUARDED_AVAILABILITY = YES_AGGRESSIVE;
				CLANG_WARN_UNREACHABLE_CODE = YES;
				CLANG_WARN__DUPLICATE_METHOD_MATCH = YES;
				COPY_PHASE_STRIP = NO;
				DEBUG_INFORMATION_FORMAT = dwarf;
				ENABLE_STRICT_OBJC_MSGSEND = YES;
				ENABLE_TESTABILITY = YES;
				GCC_C_LANGUAGE_STANDARD = gnu11;
				GCC_DYNAMIC_NO_PIC = NO;
				GCC_NO_COMMON_BLOCKS = YES;
				GCC_OPTIMIZATION_LEVEL = 0;
				GCC_PREPROCESSOR_DEFINITIONS = (
					"DEBUG=1",
					"$(inherited)",
				);
				GCC_WARN_64_TO_32_BIT_CONVERSION = YES;
				GCC_WARN_ABOUT_RETURN_TYPE = YES_ERROR;
				GCC_WARN_UNDECLARED_SELECTOR = YES;
				GCC_WARN_UNINITIALIZED_AUTOS = YES_AGGRESSIVE;
				GCC_WARN_UNUSED_FUNCTION = YES;
				GCC_WARN_UNUSED_VARIABLE = YES;
				IPHONEOS_DEPLOYMENT_TARGET = 16.2;
				MTL_ENABLE_DEBUG_INFO = INCLUDE_SOURCE;
				MTL_FAST_MATH = YES;
				ONLY_ACTIVE_ARCH = YES;
				SDKROOT = iphoneos;
				SWIFT_ACTIVE_COMPILATION_CONDITIONS = DEBUG;
				SWIFT_OPTIMIZATION_LEVEL = "-Onone";
			};
			name = Debug;
		};
		63805B0729817A6B00DD584E /* Release */ = {
			isa = XCBuildConfiguration;
			buildSettings = {
				ALWAYS_SEARCH_USER_PATHS = NO;
				CLANG_ANALYZER_NONNULL = YES;
				CLANG_ANALYZER_NUMBER_OBJECT_CONVERSION = YES_AGGRESSIVE;
				CLANG_CXX_LANGUAGE_STANDARD = "gnu++20";
				CLANG_ENABLE_MODULES = YES;
				CLANG_ENABLE_OBJC_ARC = YES;
				CLANG_ENABLE_OBJC_WEAK = YES;
				CLANG_WARN_BLOCK_CAPTURE_AUTORELEASING = YES;
				CLANG_WARN_BOOL_CONVERSION = YES;
				CLANG_WARN_COMMA = YES;
				CLANG_WARN_CONSTANT_CONVERSION = YES;
				CLANG_WARN_DEPRECATED_OBJC_IMPLEMENTATIONS = YES;
				CLANG_WARN_DIRECT_OBJC_ISA_USAGE = YES_ERROR;
				CLANG_WARN_DOCUMENTATION_COMMENTS = YES;
				CLANG_WARN_EMPTY_BODY = YES;
				CLANG_WARN_ENUM_CONVERSION = YES;
				CLANG_WARN_INFINITE_RECURSION = YES;
				CLANG_WARN_INT_CONVERSION = YES;
				CLANG_WARN_NON_LITERAL_NULL_CONVERSION = YES;
				CLANG_WARN_OBJC_IMPLICIT_RETAIN_SELF = YES;
				CLANG_WARN_OBJC_LITERAL_CONVERSION = YES;
				CLANG_WARN_OBJC_ROOT_CLASS = YES_ERROR;
				CLANG_WARN_QUOTED_INCLUDE_IN_FRAMEWORK_HEADER = YES;
				CLANG_WARN_RANGE_LOOP_ANALYSIS = YES;
				CLANG_WARN_STRICT_PROTOTYPES = YES;
				CLANG_WARN_SUSPICIOUS_MOVE = YES;
				CLANG_WARN_UNGUARDED_AVAILABILITY = YES_AGGRESSIVE;
				CLANG_WARN_UNREACHABLE_CODE = YES;
				CLANG_WARN__DUPLICATE_METHOD_MATCH = YES;
				COPY_PHASE_STRIP = NO;
				DEBUG_INFORMATION_FORMAT = "dwarf-with-dsym";
				ENABLE_NS_ASSERTIONS = NO;
				ENABLE_STRICT_OBJC_MSGSEND = YES;
				GCC_C_LANGUAGE_STANDARD = gnu11;
				GCC_NO_COMMON_BLOCKS = YES;
				GCC_WARN_64_TO_32_BIT_CONVERSION = YES;
				GCC_WARN_ABOUT_RETURN_TYPE = YES_ERROR;
				GCC_WARN_UNDECLARED_SELECTOR = YES;
				GCC_WARN_UNINITIALIZED_AUTOS = YES_AGGRESSIVE;
				GCC_WARN_UNUSED_FUNCTION = YES;
				GCC_WARN_UNUSED_VARIABLE = YES;
				IPHONEOS_DEPLOYMENT_TARGET = 16.2;
				MTL_ENABLE_DEBUG_INFO = NO;
				MTL_FAST_MATH = YES;
				SDKROOT = iphoneos;
				SWIFT_COMPILATION_MODE = wholemodule;
				SWIFT_OPTIMIZATION_LEVEL = "-O";
				VALIDATE_PRODUCT = YES;
			};
			name = Release;
		};
		63805B0929817A6B00DD584E /* Debug */ = {
			isa = XCBuildConfiguration;
			buildSettings = {
				ASSETCATALOG_COMPILER_APPICON_NAME = AppIcon;
				ASSETCATALOG_COMPILER_GLOBAL_ACCENT_COLOR_NAME = AccentColor;
				CODE_SIGN_STYLE = Automatic;
				CURRENT_PROJECT_VERSION = 1;
				DEVELOPMENT_TEAM = 4G729SMP5Y;
				GENERATE_INFOPLIST_FILE = YES;
				INFOPLIST_FILE = CorporeIMC/Info.plist;
				INFOPLIST_KEY_UIApplicationSupportsIndirectInputEvents = YES;
				INFOPLIST_KEY_UILaunchStoryboardName = LaunchScreen;
				INFOPLIST_KEY_UIMainStoryboardFile = Main;
				INFOPLIST_KEY_UISupportedInterfaceOrientations_iPad = "UIInterfaceOrientationPortrait UIInterfaceOrientationPortraitUpsideDown UIInterfaceOrientationLandscapeLeft UIInterfaceOrientationLandscapeRight";
				INFOPLIST_KEY_UISupportedInterfaceOrientations_iPhone = "UIInterfaceOrientationPortrait UIInterfaceOrientationLandscapeLeft UIInterfaceOrientationLandscapeRight";
				IPHONEOS_DEPLOYMENT_TARGET = 15.0;
				LD_RUNPATH_SEARCH_PATHS = (
					"$(inherited)",
					"@executable_path/Frameworks",
				);
				MARKETING_VERSION = 1.0;
				PRODUCT_BUNDLE_IDENTIFIER = KevinLongue.CorporeIMC;
				PRODUCT_NAME = "$(TARGET_NAME)";
				SWIFT_EMIT_LOC_STRINGS = YES;
				SWIFT_VERSION = 5.0;
				TARGETED_DEVICE_FAMILY = "1,2";
			};
			name = Debug;
		};
		63805B0A29817A6B00DD584E /* Release */ = {
			isa = XCBuildConfiguration;
			buildSettings = {
				ASSETCATALOG_COMPILER_APPICON_NAME = AppIcon;
				ASSETCATALOG_COMPILER_GLOBAL_ACCENT_COLOR_NAME = AccentColor;
				CODE_SIGN_STYLE = Automatic;
				CURRENT_PROJECT_VERSION = 1;
				DEVELOPMENT_TEAM = 4G729SMP5Y;
				GENERATE_INFOPLIST_FILE = YES;
				INFOPLIST_FILE = CorporeIMC/Info.plist;
				INFOPLIST_KEY_UIApplicationSupportsIndirectInputEvents = YES;
				INFOPLIST_KEY_UILaunchStoryboardName = LaunchScreen;
				INFOPLIST_KEY_UIMainStoryboardFile = Main;
				INFOPLIST_KEY_UISupportedInterfaceOrientations_iPad = "UIInterfaceOrientationPortrait UIInterfaceOrientationPortraitUpsideDown UIInterfaceOrientationLandscapeLeft UIInterfaceOrientationLandscapeRight";
				INFOPLIST_KEY_UISupportedInterfaceOrientations_iPhone = "UIInterfaceOrientationPortrait UIInterfaceOrientationLandscapeLeft UIInterfaceOrientationLandscapeRight";
				IPHONEOS_DEPLOYMENT_TARGET = 15.0;
				LD_RUNPATH_SEARCH_PATHS = (
					"$(inherited)",
					"@executable_path/Frameworks",
				);
				MARKETING_VERSION = 1.0;
				PRODUCT_BUNDLE_IDENTIFIER = KevinLongue.CorporeIMC;
				PRODUCT_NAME = "$(TARGET_NAME)";
				SWIFT_EMIT_LOC_STRINGS = YES;
				SWIFT_VERSION = 5.0;
				TARGETED_DEVICE_FAMILY = "1,2";
			};
			name = Release;
		};
/* End XCBuildConfiguration section */

/* Begin XCConfigurationList section */
		63805AEF29817A6900DD584E /* Build configuration list for PBXProject "CorporeIMC" */ = {
			isa = XCConfigurationList;
			buildConfigurations = (
				63805B0629817A6B00DD584E /* Debug */,
				63805B0729817A6B00DD584E /* Release */,
			);
			defaultConfigurationIsVisible = 0;
			defaultConfigurationName = Release;
		};
		63805B0829817A6B00DD584E /* Build configuration list for PBXNativeTarget "CorporeIMC" */ = {
			isa = XCConfigurationList;
			buildConfigurations = (
				63805B0929817A6B00DD584E /* Debug */,
				63805B0A29817A6B00DD584E /* Release */,
			);
			defaultConfigurationIsVisible = 0;
			defaultConfigurationName = Release;
		};
/* End XCConfigurationList section */
	};
	rootObject = 63805AEC29817A6900DD584E /* Project object */;
}
